{
    "_meta": {
        "hash": {
            "sha256": "e4d02c01c3317aef2e25dc91e2da241dba76b07e6e88635b44c92abf91e6847b"
        },
        "pipfile-spec": 6,
        "requires": {
            "python_version": "3.13"
        },
        "sources": [
            {
                "name": "pypi",
                "url": "https://pypi.org/simple",
                "verify_ssl": true
            }
        ]
    },
    "default": {
        "asgiref": {
            "hashes": [
                "sha256:3e1e3ecc849832fe52ccf2cb6686b7a55f82bb1d6aee72a58826471390335e47",
                "sha256:c343bd80a0bec947a9860adb4c432ffa7db769836c64238fc34bdc3fec84d590"
            ],
            "markers": "python_version >= '3.8'",
            "version": "==3.8.1"
        },
        "certifi": {
            "hashes": [
                "sha256:2e0c7ce7cb5d8f8634ca55d2ba7e6ec2689a2fd6537d8dec1296a477a4910057",
                "sha256:d747aa5a8b9bbbb1bb8c22bb13e22bd1f18e9796defa16bab421f7f7a317323b"
            ],
            "markers": "python_version >= '3.7'",
            "version": "==2025.6.15"
        },
        "charset-normalizer": {
            "hashes": [
                "sha256:005fa3432484527f9732ebd315da8da8001593e2cf46a3d817669f062c3d9ed4",
                "sha256:046595208aae0120559a67693ecc65dd75d46f7bf687f159127046628178dc45",
                "sha256:0c29de6a1a95f24b9a1aa7aefd27d2487263f00dfd55a77719b530788f75cff7",
                "sha256:0c8c57f84ccfc871a48a47321cfa49ae1df56cd1d965a09abe84066f6853b9c0",
                "sha256:0f5d9ed7f254402c9e7d35d2f5972c9bbea9040e99cd2861bd77dc68263277c7",
                "sha256:18dd2e350387c87dabe711b86f83c9c78af772c748904d372ade190b5c7c9d4d",
                "sha256:1b1bde144d98e446b056ef98e59c256e9294f6b74d7af6846bf5ffdafd687a7d",
                "sha256:1c95a1e2902a8b722868587c0e1184ad5c55631de5afc0eb96bc4b0d738092c0",
                "sha256:1cad5f45b3146325bb38d6855642f6fd609c3f7cad4dbaf75549bf3b904d3184",
                "sha256:21b2899062867b0e1fde9b724f8aecb1af14f2778d69aacd1a5a1853a597a5db",
                "sha256:24498ba8ed6c2e0b56d4acbf83f2d989720a93b41d712ebd4f4979660db4417b",
                "sha256:25a23ea5c7edc53e0f29bae2c44fcb5a1aa10591aae107f2a2b2583a9c5cbc64",
                "sha256:289200a18fa698949d2b39c671c2cc7a24d44096784e76614899a7ccf2574b7b",
                "sha256:28a1005facc94196e1fb3e82a3d442a9d9110b8434fc1ded7a24a2983c9888d8",
                "sha256:32fc0341d72e0f73f80acb0a2c94216bd704f4f0bce10aedea38f30502b271ff",
                "sha256:36b31da18b8890a76ec181c3cf44326bf2c48e36d393ca1b72b3f484113ea344",
                "sha256:3c21d4fca343c805a52c0c78edc01e3477f6dd1ad7c47653241cf2a206d4fc58",
                "sha256:3fddb7e2c84ac87ac3a947cb4e66d143ca5863ef48e4a5ecb83bd48619e4634e",
                "sha256:43e0933a0eff183ee85833f341ec567c0980dae57c464d8a508e1b2ceb336471",
                "sha256:4a476b06fbcf359ad25d34a057b7219281286ae2477cc5ff5e3f70a246971148",
                "sha256:4e594135de17ab3866138f496755f302b72157d115086d100c3f19370839dd3a",
                "sha256:50bf98d5e563b83cc29471fa114366e6806bc06bc7a25fd59641e41445327836",
                "sha256:5a9979887252a82fefd3d3ed2a8e3b937a7a809f65dcb1e068b090e165bbe99e",
                "sha256:5baececa9ecba31eff645232d59845c07aa030f0c81ee70184a90d35099a0e63",
                "sha256:5bf4545e3b962767e5c06fe1738f951f77d27967cb2caa64c28be7c4563e162c",
                "sha256:6333b3aa5a12c26b2a4d4e7335a28f1475e0e5e17d69d55141ee3cab736f66d1",
                "sha256:65c981bdbd3f57670af8b59777cbfae75364b483fa8a9f420f08094531d54a01",
                "sha256:68a328e5f55ec37c57f19ebb1fdc56a248db2e3e9ad769919a58672958e8f366",
                "sha256:6a0289e4589e8bdfef02a80478f1dfcb14f0ab696b5a00e1f4b8a14a307a3c58",
                "sha256:6b66f92b17849b85cad91259efc341dce9c1af48e2173bf38a85c6329f1033e5",
                "sha256:6c9379d65defcab82d07b2a9dfbfc2e95bc8fe0ebb1b176a3190230a3ef0e07c",
                "sha256:6fc1f5b51fa4cecaa18f2bd7a003f3dd039dd615cd69a2afd6d3b19aed6775f2",
                "sha256:70f7172939fdf8790425ba31915bfbe8335030f05b9913d7ae00a87d4395620a",
                "sha256:721c76e84fe669be19c5791da68232ca2e05ba5185575086e384352e2c309597",
                "sha256:7222ffd5e4de8e57e03ce2cef95a4c43c98fcb72ad86909abdfc2c17d227fc1b",
                "sha256:75d10d37a47afee94919c4fab4c22b9bc2a8bf7d4f46f87363bcf0573f3ff4f5",
                "sha256:76af085e67e56c8816c3ccf256ebd136def2ed9654525348cfa744b6802b69eb",
                "sha256:770cab594ecf99ae64c236bc9ee3439c3f46be49796e265ce0cc8bc17b10294f",
                "sha256:7a6ab32f7210554a96cd9e33abe3ddd86732beeafc7a28e9955cdf22ffadbab0",
                "sha256:7c48ed483eb946e6c04ccbe02c6b4d1d48e51944b6db70f697e089c193404941",
                "sha256:7f56930ab0abd1c45cd15be65cc741c28b1c9a34876ce8c17a2fa107810c0af0",
                "sha256:8075c35cd58273fee266c58c0c9b670947c19df5fb98e7b66710e04ad4e9ff86",
                "sha256:8272b73e1c5603666618805fe821edba66892e2870058c94c53147602eab29c7",
                "sha256:82d8fd25b7f4675d0c47cf95b594d4e7b158aca33b76aa63d07186e13c0e0ab7",
                "sha256:844da2b5728b5ce0e32d863af26f32b5ce61bc4273a9c720a9f3aa9df73b1455",
                "sha256:8755483f3c00d6c9a77f490c17e6ab0c8729e39e6390328e42521ef175380ae6",
                "sha256:915f3849a011c1f593ab99092f3cecfcb4d65d8feb4a64cf1bf2d22074dc0ec4",
                "sha256:926ca93accd5d36ccdabd803392ddc3e03e6d4cd1cf17deff3b989ab8e9dbcf0",
                "sha256:982bb1e8b4ffda883b3d0a521e23abcd6fd17418f6d2c4118d257a10199c0ce3",
                "sha256:98f862da73774290f251b9df8d11161b6cf25b599a66baf087c1ffe340e9bfd1",
                "sha256:9cbfacf36cb0ec2897ce0ebc5d08ca44213af24265bd56eca54bee7923c48fd6",
                "sha256:a370b3e078e418187da8c3674eddb9d983ec09445c99a3a263c2011993522981",
                "sha256:a955b438e62efdf7e0b7b52a64dc5c3396e2634baa62471768a64bc2adb73d5c",
                "sha256:aa6af9e7d59f9c12b33ae4e9450619cf2488e2bbe9b44030905877f0b2324980",
                "sha256:aa88ca0b1932e93f2d961bf3addbb2db902198dca337d88c89e1559e066e7645",
                "sha256:aaeeb6a479c7667fbe1099af9617c83aaca22182d6cf8c53966491a0f1b7ffb7",
                "sha256:aaf27faa992bfee0264dc1f03f4c75e9fcdda66a519db6b957a3f826e285cf12",
                "sha256:b2680962a4848b3c4f155dc2ee64505a9c57186d0d56b43123b17ca3de18f0fa",
                "sha256:b2d318c11350e10662026ad0eb71bb51c7812fc8590825304ae0bdd4ac283acd",
                "sha256:b33de11b92e9f75a2b545d6e9b6f37e398d86c3e9e9653c4864eb7e89c5773ef",
                "sha256:b3daeac64d5b371dea99714f08ffc2c208522ec6b06fbc7866a450dd446f5c0f",
                "sha256:be1e352acbe3c78727a16a455126d9ff83ea2dfdcbc83148d2982305a04714c2",
                "sha256:bee093bf902e1d8fc0ac143c88902c3dfc8941f7ea1d6a8dd2bcb786d33db03d",
                "sha256:c72fbbe68c6f32f251bdc08b8611c7b3060612236e960ef848e0a517ddbe76c5",
                "sha256:c9e36a97bee9b86ef9a1cf7bb96747eb7a15c2f22bdb5b516434b00f2a599f02",
                "sha256:cddf7bd982eaa998934a91f69d182aec997c6c468898efe6679af88283b498d3",
                "sha256:cf713fe9a71ef6fd5adf7a79670135081cd4431c2943864757f0fa3a65b1fafd",
                "sha256:d11b54acf878eef558599658b0ffca78138c8c3655cf4f3a4a673c437e67732e",
                "sha256:d41c4d287cfc69060fa91cae9683eacffad989f1a10811995fa309df656ec214",
                "sha256:d524ba3f1581b35c03cb42beebab4a13e6cdad7b36246bd22541fa585a56cccd",
                "sha256:daac4765328a919a805fa5e2720f3e94767abd632ae410a9062dff5412bae65a",
                "sha256:db4c7bf0e07fc3b7d89ac2a5880a6a8062056801b83ff56d8464b70f65482b6c",
                "sha256:dc7039885fa1baf9be153a0626e337aa7ec8bf96b0128605fb0d77788ddc1681",
                "sha256:dccab8d5fa1ef9bfba0590ecf4d46df048d18ffe3eec01eeb73a42e0d9e7a8ba",
                "sha256:dedb8adb91d11846ee08bec4c8236c8549ac721c245678282dcb06b221aab59f",
                "sha256:e45ba65510e2647721e35323d6ef54c7974959f6081b58d4ef5d87c60c84919a",
                "sha256:e53efc7c7cee4c1e70661e2e112ca46a575f90ed9ae3fef200f2a25e954f4b28",
                "sha256:e635b87f01ebc977342e2697d05b56632f5f879a4f15955dfe8cef2448b51691",
                "sha256:e70e990b2137b29dc5564715de1e12701815dacc1d056308e2b17e9095372a82",
                "sha256:e8082b26888e2f8b36a042a58307d5b917ef2b1cacab921ad3323ef91901c71a",
                "sha256:e8323a9b031aa0393768b87f04b4164a40037fb2a3c11ac06a03ffecd3618027",
                "sha256:e92fca20c46e9f5e1bb485887d074918b13543b1c2a1185e69bb8d17ab6236a7",
                "sha256:eb30abc20df9ab0814b5a2524f23d75dcf83cde762c161917a2b4b7b55b1e518",
                "sha256:eba9904b0f38a143592d9fc0e19e2df0fa2e41c3c3745554761c5f6447eedabf",
                "sha256:ef8de666d6179b009dce7bcb2ad4c4a779f113f12caf8dc77f0162c29d20490b",
                "sha256:efd387a49825780ff861998cd959767800d54f8308936b21025326de4b5a42b9",
                "sha256:f0aa37f3c979cf2546b73e8222bbfa3dc07a641585340179d768068e3455e544",
                "sha256:f4074c5a429281bf056ddd4c5d3b740ebca4d43ffffe2ef4bf4d2d05114299da",
                "sha256:f69a27e45c43520f5487f27627059b64aaf160415589230992cec34c5e18a509",
                "sha256:fb707f3e15060adf5b7ada797624a6c6e0138e2a26baa089df64c68ee98e040f",
                "sha256:fcbe676a55d7445b22c10967bceaaf0ee69407fbe0ece4d032b6eb8d4565982a",
                "sha256:fdb20a30fe1175ecabed17cbf7812f7b804b8a315a25f24678bcdf120a90077f"
            ],
            "markers": "python_version >= '3.7'",
            "version": "==3.4.2"
        },
        "django": {
            "hashes": [
                "sha256:335213277666ab2c5cac44a792a6d2f3d58eb79a80c14b6b160cd4afc3b75684",
                "sha256:c517a6334e0fd940066aa9467b29401b93c37cec2e61365d663b80922542069d"
            ],
            "index": "pypi",
            "markers": "python_version >= '3.10'",
            "version": "==5.2.3"
        },
        "django-cors-headers": {
            "hashes": [
                "sha256:6fdf31bf9c6d6448ba09ef57157db2268d515d94fc5c89a0a1028e1fc03ee52b",
                "sha256:f1c125dcd58479fe7a67fe2499c16ee38b81b397463cf025f0e2c42937421070"
            ],
            "index": "pypi",
            "markers": "python_version >= '3.9'",
            "version": "==4.7.0"
        },
        "djangorestframework": {
            "hashes": [
                "sha256:bea7e9f6b96a8584c5224bfb2e4348dfb3f8b5e34edbecb98da258e892089361",
                "sha256:f022ff46613584de994c0c6a4aebbace5fd700555fbe9d33b865ebf173eba6c9"
            ],
            "index": "pypi",
            "markers": "python_version >= '3.9'",
            "version": "==3.16.0"
        },
        "flatbuffers": {
            "hashes": [
                "sha256:97e451377a41262f8d9bd4295cc836133415cc03d8cb966410a4af92eb00d26e",
                "sha256:ebba5f4d5ea615af3f7fd70fc310636fbb2bbd1f566ac0a23d98dd412de50051"
            ],
            "version": "==25.2.10"
        },
        "h11": {
            "hashes": [
                "sha256:4e35b956cf45792e4caa5885e69fba00bdbc6ffafbfa020300e549b208ee5ff1",
                "sha256:63cf8bbe7522de3bf65932fda1d9c2772064ffb3dae62d55932da54b31cb6c86"
            ],
            "markers": "python_version >= '3.8'",
            "version": "==0.16.0"
        },
        "idna": {
            "hashes": [
                "sha256:12f65c9b470abda6dc35cf8e63cc574b1c52b11df2c86030af0ac09b01b13ea9",
                "sha256:946d195a0d259cbba61165e88e65941f16e9b36ea6ddb97f00452bae8b1287d3"
            ],
            "markers": "python_version >= '3.6'",
            "version": "==3.10"
        },
        "jh2": {
            "hashes": [
                "sha256:02015fd68d73cfbe623c7ee93130dd8be53f9eed5cd644fce12d298929c6a15d",
                "sha256:0fc980bc55ec4de7b696aab45b1e8d89465608f48f1ba06db1184c2cb8e4ff82",
                "sha256:1005f57c2866305432588fb001e6ac9f99258cf2620ff1f93f6eae2c164db403",
                "sha256:11909c2a63d342bf84211673ced4ea1a7c701362a375e1e2308e613535ba9865",
                "sha256:12c9a67a94c7b0b1bc15f90e57647f5b73e3d8e67a117f649c67b7aa71664ee8",
                "sha256:162396cc26bdab52818b9c2926fe75533b0dc6dfc0db90779807159eff896c22",
                "sha256:1643f6ba8f9fbb03b933cca8dd84bec19f3f33acab513e57e083ebe9462a4ef3",
                "sha256:16cbfcb2f9934e7693eef985f1e4bf64ff1d533dbc9cca4554a7e24804170e4d",
                "sha256:1a52ef916d076842ba1252fc9d0fe78ec0ea93d4b2985ae46b3b0f05e6b3348f",
                "sha256:1e9ff345926c4ac650acea101463b4f8468f5069dda136366585ff7ce4aac38c",
                "sha256:1ed0cf5558d4d8cbb2b8a407295ba101a79686ff452fb2ab5fac1c6b9ef40d79",
                "sha256:20b3d8eb3469c2c368cced0da918b4e8ff8e91f2a48810b8242dd8a8ff0de0da",
                "sha256:2138ad06e011cb0ebc00f7485377888f0c6f076b1aa21f167d7cd5adf8f85ca5",
                "sha256:23df2b4433ebf275e096c66fd4fe2a27d8d802fcab8ac49ec856a168808b7ad4",
                "sha256:28b5a1c3aa84f09ab2b004cb9e16bc13a798933607806bb5ec5a38e1406d7e19",
                "sha256:2a76f29548199744b210308aac184d897bfda4ec7300ce1d4b9a498874aeceab",
                "sha256:2b2768b896e0351328a7f6377d77d21deadef5a50afd84bc66995a8323faf921",
                "sha256:2f2f8fba36fd9c9463cc55a27957735f46e9b4d3551d4bb7fd9539749d141647",
                "sha256:33bf11c9f6b6308823147e8d8da0828b5e7f330399a5b12c08c586e798119195",
                "sha256:3451a18af56eb324b438721107922bead16a6427935a7f33cdf66423f7579b39",
                "sha256:34f88cff35a18b7b74579ab08272fdf0a4ef92fcd119fedda010d0e234339bcc",
                "sha256:36e26dbfcee621001a6abeabc9e24a38c347f63c630d20557d98de427305ac0b",
                "sha256:37cb6b97e577fb4079a3b37ae6037ceb16ea6f267b0d94a1aaddb15e07217390",
                "sha256:39da0fb5f29bae4158052c4515d38d0c1636dac484d2fd1a621ff76d206d217d",
                "sha256:3b51280e4721f761d753da5b8c1c66db60b52f1ac239f808049bdc3676bb49a1",
                "sha256:40276a7aec8f1c3e8f9363d58ce8e6272e8c8bb6253cb9a602aa8023e359c977",
                "sha256:423a64f75d4a9dd619054eb0574b94feb93a5fc9dc3173e97e3d469a12e979a2",
                "sha256:4bed27b58c97ceb8dcdba6506ba266f39d67736ee5ab33ad19573d983b4969d3",
                "sha256:514bbd814696a39579cfda789ac830b7e1ab6e3409dcc06aab7a161ca0a81000",
                "sha256:557c23250afa4a1432fecd14818d3ee1e46d9b229c292b6214083789bdfb135e",
                "sha256:5756c58005a2773cd692beaa9ad31a2f15781a1ffd1cd6346bbce7072bd1b280",
                "sha256:579985e10c39df85246d8386484abf3315cb3802a0e1fde09923ac1f8810f5bc",
                "sha256:5fb48c8cb7b24a1f4122de052a482bec46e58626cf3f1fd0ca0accbd9fd97d3c",
                "sha256:5feec0be4b56987c4c68be7d39f696177d714a70a35c93a68776a1dd6116d314",
                "sha256:601f8a1ac81e2a4d830acd6d1d248b32e9e34a6d3dc0987f7b0af60c1427dc4b",
                "sha256:6056d8c64a3863327859b5999eb8e83b7ef591db276148c0724da33e83659c18",
                "sha256:607f5fbb92132e61959904c25a88f381be4559b566e03243ce5f71332f40e14b",
                "sha256:65a7a4efc2a937af2b00f8d47812b4b665ce7a1e5bf91c9741166c5804f6ff2b",
                "sha256:6639f549083a17a902fa51116882962708f2e44180cebd0d311548383fbfa616",
                "sha256:66ca52ffdfd19e16f2a05b3761a013337b2d937385be52ebbeec6906dc68b316",
                "sha256:6d1d55d29fdb8721b6d590cd5167c2d78d94ee0020e3bd2887cefeae90b4f3b5",
                "sha256:6e61235c0f24cb2c4ee8d9d57efea80c412e9f12627704c2924e8f8097ddc2f5",
                "sha256:7066220730be2da6b5e85a5a12b60728fab3eee79265de7f65effbdcc3af17a3",
                "sha256:71fe5094f89c1b9147eae3662e6b92dae845a583e06e603bc4d79f9cc3f20693",
                "sha256:747d0e9e3200cb883f2f8c2a8a7b7ec150e5f84e966c921d50e5194b8db81594",
                "sha256:7b72ed5aaa1f4160d9ebed48013194b92baf3a14dfa22b2fd113b17c976c34d5",
                "sha256:7bb2e761ce3692e54a2c61b8e57f0abdd970a653114ca5c3a12acae4f167199d",
                "sha256:7c74fc0fab0d903f4736972f64e0f277f632e9766d4558911fd46abfe955e231",
                "sha256:7d9d4d83fbf75362d0986ee4305ec85eb06ed124e299d38af5ed4eb20ed0cc74",
                "sha256:7f87be4eff3f1e6821ce0ae085126aba46b77895d6aaa3a5bf2c6157fd121923",
                "sha256:88aba8ef44162c96083690952e6ddde1b044957125ac67e3b92a87fd72407eff",
                "sha256:88d2bbcbdb149101f0f211aa870ce18dfb563f62f10eecf834101c8b9cbcd145",
                "sha256:88db9078be359ccdea973c99ab88a0312012d40fe2878ff106dfe3fe918bf5b2",
                "sha256:8aa82f946aebf69b38f0537fb51577284d0caa351ce096a0401ed27129ae9b3c",
                "sha256:9794c6b1ff04d8d6d1764e7490b34fc5a3435583672ca5466f39fa3640dafe54",
                "sha256:98c4613061269dd0c201441e31d83bbf36493fe1482648f31fd62628346af1e7",
                "sha256:9c6cc4f3d4d237184030ffd3721a8f59fde97f5f1cdab1547d2bb0b093250427",
                "sha256:9dd0faae92a299f0b960d46aef675df2c118e26299ae9ebac4ec7051fa227c35",
                "sha256:9f5d30e46bd8a01b646825a2157a4cb1d98c8eb01ffe80ac379ed791ca639687",
                "sha256:a35be731dc0889c2689c66c05023390e026bdbbfdb47da214d99bd1e1c25f8bb",
                "sha256:a54d437f3bd120f0d2971ea990e665d3487e252f2453618fd98196404a04f90b",
                "sha256:a86b2ddd8e1671f24111fbcfb1db7fd2b6bf4cf6ad7966c370e3bc5342a51977",
                "sha256:aaa3ddabe69cd09c7d2cc5b06ff428125ecb47a04d3ac1941ff86017b87f4063",
                "sha256:ad37a22911f1e87b53b236efd02dcf17c23dd7de87b0f079e971a14d33c0866c",
                "sha256:af00e2a680e89ceb8cf41d221a4d639be4c4212a2c7ab933155b727fd3dacbac",
                "sha256:b02dfe24a1c4b2169e182d12a0b52516809fb608252dc384d437b99ef4b84de0",
                "sha256:b6c7a988fe6b4310d045147966c5f82bb1493f3a2c8b1d9580e7c872ed80faaf",
                "sha256:b75fbdb62ddeb6aecaebb9bc601ff75b36d2b69cc8e5841d75c375b96f02ea7a",
                "sha256:b7fcc7a55a11ce4f2d588cb0b9746b8f3b753d080326e7b8395b3398ae0c0188",
                "sha256:ba2de41d4946fb2ddde7af9b55b31fba0f8c6a26f15d7e281e59221337d6b37d",
                "sha256:bc8c07c8ceea477e7a10d899eacb2c0cf4c59d595c9316a6b5c2063378d34f20",
                "sha256:bec06ebc7d37beba62503c955d90580cfa1e5fff2b44f05cebecf2378b7f54b1",
                "sha256:c3f3e88960a265116b8a972fc7ceb5b534b5a1730d581cd5fbedea90212f79de",
                "sha256:c595c46f2fe39f235a463796c2ff80889a5d61c99db94235c8d2d7f654f04fa3",
                "sha256:c725e40e881b8e35381a4d2667f4c3ad978929fb890c1822f8524e3d6846ad49",
                "sha256:c90c141a4edd6ac99780b77abe7132d48d5e0fee7741ba2e217a53a503833441",
                "sha256:ca2381a51ea8c1261c70ca33181c6557aacd8a06bea73d27dbef053243fe8ca7",
                "sha256:cb063308aeb5f103f1c82526b02fbdb464a0b42f00ebf927dc9dd8b76b37bfda",
                "sha256:cb843586cac2e0663804777ca5efa5d7b565bcd824da9b2ee1e98cfbd7d8382a",
                "sha256:ce5707b2876e421080fdfb9d89752a1d111f57d8f3cddba57c24d93f17aa2074",
                "sha256:d6802287d937f2cdb7ff8ca47c7994d4f8c06b7f0b67f138b8a3152de3c624cf",
                "sha256:daa2010e0c1c1de21c0e6128571f609e690fcfcb174f75090b8863c16b3aa12c",
                "sha256:db35002d92896783277c88d3aac6b9d33cdd65f2323dc786100a661723cf442f",
                "sha256:e1adb17a5614d372d2b42b876542ba7a790e77cbbd674620aa920eaa27483165",
                "sha256:e2ec53d084a147a6092ad748406310b3789ea252b3a007c8653c71cad9656d8d",
                "sha256:e2fea0793376ab9aeb3258d1c192e0ceebd9b51a2f699379224d4f2ca473645d",
                "sha256:e409f64962ab74da170fb9085ba17668c9e8da3efa6b4dc5e6084dca702954a1",
                "sha256:e7bb595e9d9eeeef45d630766fd3d8c926a25b907631fc0f36411f5f576bb960",
                "sha256:e852f812ea8323e269722653ba1bef6a9e5b9e496d5c8e52178b83d3ae435791",
                "sha256:f1137d66f4f0670a21d8f146f7cce7282ca20dac8705b11c0bf0d9ac450ad206",
                "sha256:f2f5e0cbbac4d158b68e2706a18c5494c0c72908f5d572f934ae6b440cf917cc",
                "sha256:f3d028980542939c54e604488530c592fb172c6f48bc5262ba9ac205e8f5b5a7",
                "sha256:fa57efb9974a3a36d3396212a43d7a8c68a4de616587cdb36ea2e1ff4164fe07",
                "sha256:fb910f4d0791417dc983649145b6d18fd61fd7e7ca019635b79e30acf4daa1cd",
                "sha256:fb91f22b639642dd2bac71ac40a7e8082470c9647db7003fdbe63e7ee9db851e",
                "sha256:fdddba0689058f3faa5e7ffaaf039aac62dc528ec3e5f031a1e5a81392737237",
                "sha256:fec6c5019a22848d092fcfc63cccee76b64ec7b1c7d5495b0b524c17327917ff"
            ],
            "markers": "python_version >= '3.7'",
            "version": "==5.0.9"
        },
        "niquests": {
            "hashes": [
                "sha256:c5cdc126862090b09030addc23b6bbf06dbd433a4c7c70ddf6657638153bc367",
                "sha256:f1dbf2c028223e97839f5b467f875376a014abf51e8f9b284be799fc9a10791c"
            ],
            "markers": "python_version >= '3.7'",
            "version": "==3.14.1"
        },
        "openmeteo-requests": {
            "hashes": [
                "sha256:0c47544150b19ae14fed2ff70fdb64d71f5bdf7e37c3886c0ac91b9bee2aa85d",
                "sha256:14631c92bd76096b3b541bf52f4d510bafabb8ff2de805bd3cf4452e02cc03a2"
            ],
            "index": "pypi",
            "markers": "python_full_version >= '3.8.1'",
            "version": "==1.5.0"
        },
        "openmeteo-sdk": {
            "hashes": [
                "sha256:91873dc5151f90df45f6cbd2de397fa8ce00acc926551f4011c95f9503172b64",
                "sha256:d3ba824fd791575400513787d28b79b9e20037fffcb5ae88a985f9d1c7987dd8"
            ],
            "markers": "python_full_version >= '3.8.1'",
            "version": "==1.20.1"
        },
        "qh3": {
            "hashes": [
                "sha256:02cb5b29f635f4688466a7c84fd69fe28a6e04300d428888513c8a8ba1a8d8c4",
                "sha256:0ade17ecbd5cb54185c65e85d6f9a3d1ea293a0d2c6210864ba98e73646e0683",
                "sha256:0c8e2acd03d7076d45620147e20457aa4387404939868ff9a65eabc9a1b9a0b7",
                "sha256:0d40c1bc0309b072f57fd0c152d2c922d7711d21b5c3060607855b74ff129c38",
                "sha256:0d9e2eeae1a9a03bb1e5d96d3793fca83c3fb07a958b6b25a90bbf3868851496",
                "sha256:0f11b8886d9dc441bd0142307821a5f01910241354b385c59d53991e7abca4da",
                "sha256:1b7b5c2a1ece4bad2cbb5bc44444aa0fcb3cbd83c98f275b7760232f510cc6b5",
                "sha256:1dbd8d0815b769340027b3dd20559cc6940053a0ecbde3879f77cff50b8b70ee",
                "sha256:257150ff8c6b11ab361230dd3933ad371f190c2ec802a78b60afe6f96ca1e42e",
                "sha256:27373796e667e02f0b6a09adeda44da4360580cf84e72055355553f2c1bc7c10",
                "sha256:2bd132b507e203f7e8e853ec81bb0d9319b62fa07cf9202e360c61ac40681ac9",
                "sha256:32c29b39783c0300db22e1d26b53a452c283d7c4fcb44d868363efc3072b1cfe",
                "sha256:3309114f23500d13500051fb2ab8dcaa2c17b1491fc93aa61b3126f0420bf29b",
                "sha256:335b9b9a714ee9b50398ee13d6f55e6d37035ad92267df9f65ceb0bc9e326e0d",
                "sha256:360b768c997965cf68766bde4fc80545da4e472ba3c404935b66b2cb088c0c0d",
                "sha256:4015d311455bef17f7429c9c191c19d51091b831df0e726da9e1f28c0f141cee",
                "sha256:40fbf5bc900bb6a05b7fe48cee948693848e48e3314decb15a6a2a0a2e13c38b",
                "sha256:41d2664203776a65c1d635a8596a23d5f86971f4ea41a69995c510dd9be19814",
                "sha256:422cf699effe655e7ceeca0e9983b30ad4b6b11bab5ab511bac99be9c31a7554",
                "sha256:42d93d31227b0c2392838e51ee3a2b0f3d316352ac16867c2a357a19b635126a",
                "sha256:45eb2538b8ca8cf04ee6650bd744c8529bc6eddb5c5808f243e877b2b9fd906c",
                "sha256:47b046e596785420cf4d31f9cba60215d8c8839598542dff47ce26e7bc76aaff",
                "sha256:4d736a512f0c081eff86a00211a327486e462b70dabb94c769f5be718bcf53c8",
                "sha256:4f9c35247049f555c652957930e15380e3bbd84df1702359f7342f4029ddf203",
                "sha256:50ce9c09c683710656542cf502bb10dff9504a4b0aa85beb3ba1d26b21f03fd2",
                "sha256:5192dabc91da31c50ff7bea121b2f91ead534e2e340a21ab068856abac096a4d",
                "sha256:533ca7c8e77053705f1eef36410e0b75e1b8765f94d4d0f12584729837097281",
                "sha256:56bec4431d904b10e86e4700a76c0691a31cc52a70b62c1cc824a62e13718675",
                "sha256:5c8c91e5621b4c782de792984a0aa567cb14e112ba6492425e4bb1182bcb6215",
                "sha256:5ed889a5cdad1f12f32f2efef664a9e207d6323cfa8778bdb4e649813828b603",
                "sha256:61797d8e4285343c55a38e8d917290bfaaf69c95a7fcb81609d33d954c710941",
                "sha256:61a90ff90d28616babd4e8676069cf59d8737963b51915ff0b95426237f92db0",
                "sha256:62ad39b27d5091c3bf6658c7c74b0a2b2c41b8f708cb4f64443a6e1dc6246a4f",
                "sha256:672209eb2cdb19c888fa293e522462be3dfc510715676ab2132bd5d9ef6613be",
                "sha256:68bcfdb1a6ea961328fd531f11ef67c920723ef06aa12bd3e6a6fecfacf7c105",
                "sha256:69819359d762561abe06e43bb77dc904e8c3de026b36d6668992a252a1d42dac",
                "sha256:704a0dac018baedbef4fab3e24e22d72e406915bec08cc1d62de3010e87caf04",
                "sha256:7051d1b3d68b63bd71d71e095dffa0ae116697f20bd673a9e9e6181b5df6fbb0",
                "sha256:73cb156866e456a704a4707f469e45419bfd4de0f4f803012022a88b5303a5a7",
                "sha256:7bfd17337b507a603519e13b242ff7a201e5cef7d9fdeeb15e7439680a5e151c",
                "sha256:83342142b9d01f92b20cba98f938935f65eb1a9f65d73d9a89ee355950ec8255",
                "sha256:83b80aa63e21cf919fb3bf86ede3cae76f52d1461bda66fe09351225129d78ca",
                "sha256:884f8e4c3f4a9ac050b9cfb9793759f4a7f3c59ab55b60bffe9163ebffc41bbb",
                "sha256:8b9ec612e2933647991f3c32fa5e1db5d6a2f676a66f3e2839c2e0afefac3552",
                "sha256:8bd92add2b7277aad980e87401c806cc5da9529af7c1d01915b1d8bc935ab4f9",
                "sha256:930ae418244dbe9e2c0673125e9f9f6675df50d376592db18cb2a79ee3deab76",
                "sha256:94a970468623a96cd4853c149b5bf44f38f6b0802c106d19144b8e87e278a496",
                "sha256:97ead6237b44b401963c91321fffd5ec5a33af282adfe20d359d406ec7ee5379",
                "sha256:9875fd90ad97d21c07591c6448330b512c0981a71ff7a68643eaa4280f09a84a",
                "sha256:9c9f1f19fd756b2be29b4c5a96861a998f4513c4bfcc909ebc154b3c77c7c3ea",
                "sha256:9f7740e2736a41e2afd455c1ee4b7deb3a472c28f462fa9135fbd5dfbc8c720d",
                "sha256:a14fb272cd70b41c485bc7b712926bbfd05f876b384b75aa2bcdb44a25ced249",
                "sha256:a281c37373ac47debca1288468512ae1987b2351d344e72ace5354387b9ecd92",
                "sha256:a733815ba14c13c1318e1ccf556d815c767b7c2dd6610518ad2fb7244479778e",
                "sha256:a786823a30729306e0d4b67632aa1ec64bebc6040c858b9927f98f3a347e7b3f",
                "sha256:a8b47ecdf8799bdfbd02c2b7355bb02c2137bdc4946c3680374db3e638ca4fcd",
                "sha256:aa97c7eba53ace650710317e3676f3f15c989a4a28ceb19755937cb3c5f138d0",
                "sha256:abc6a263831e345cb7482dc180ff55d10e79cb8e3ed9dceb82ff641099c1549f",
                "sha256:ad873abae5c87a01763f17ae06c3aa77bd4bf3f8e4d4529174f9b2f3854d383f",
                "sha256:b16be02a11aed78902c0f4874418c37b879ecd6385a0b08a21b88143e8a9f333",
                "sha256:b5a047441389d2a6cfabf14e697c58313d9d1bde1fe874410e56bd5129ffe0a4",
                "sha256:b736699165f3684249c27087db6ec16a55b2065406014e7f0181128770ccb6d4",
                "sha256:b755bc282faa2f44e7231a96c92ec1bb4f2a900679a836d9723653cfbcbb35a0",
                "sha256:b7d0f961aaafd801de508270b1c689449b39b4f0fddc2a619e443b278f246b74",
                "sha256:bfcfde6561a1797e7b9383336c46435292cea63121d9be9c8223d7d0670037ea",
                "sha256:c0561c504843fe6caa6b1ab91dbba75e0ca7687814fbc116051cbf517aeb496e",
                "sha256:c5ef67e72b8c8c801a558c380cc4c3aaf4270a2c6ab7e8af9c5a7948444ba55d",
                "sha256:c67bfd4e7875e6b6ce53d81de93e879a1d696d0a275d5ee409da2eb0d74cc467",
                "sha256:c9f3c79122bbcdd7251ca8b3faa31aeabc1fc790146f74383b81606c9c65229d",
                "sha256:ca06d3ce6821840a633bc8e086b70b7407b8c130137d3451040f06ded43a3c16",
                "sha256:d1ce1e36ec51568a57377b116c32c99c657109cd2c59ebd3d5501ecc0036491c",
                "sha256:d6ef6b21690c716e2af4ebd791b46e428c62d519225f6314ee486bb7ae80d3ee",
                "sha256:d86a242c0127b43488cc1861491efd1b7770c736f3b3ffe837cf1bfcec701bcf",
                "sha256:d89aaa9bcccedf9f1b5eada43f35c3c8711ef9e1e5f89ef773008df2cad4b217",
                "sha256:db74647056d4e17ff8825275b041f631603ec1fd22a1df56eabf3d61f3efaff6",
                "sha256:dbed7500c75f3ee10701c046c2a57d3c82938164e1168b6038a365ed0f94555b",
                "sha256:dd05395a8c2053e453e9ac031c9b7f6458b0925ee184f757fffc37761a541b96",
                "sha256:dfcd72a4a8e6b820f3fc05ced413465d9735c4cb1c32c7d60edb86365f848715",
                "sha256:e0fc5e3c109d90b31ce6be54e1b9d09c4d89fc69c1fcf9d3cb6790fcd00017c7",
                "sha256:e1657a6d3b6fea73c65e1a43b74a5b4188bb19a99ddaebde980e30e1602c6bf5",
                "sha256:e36669eec62f534778e135827afee637ec9d21224ce1b79aed012b3878dffb02",
                "sha256:e3f6c07f027194131b27856f6150e9fbebffd0e0382f36b57c1ff440483210e9",
                "sha256:e4afca60fad161e1e1cd1020399c7a9fb185019cd3bb96fb2066cca29a2dbe36",
                "sha256:e6e8e8b864248ce9c63c6fa4a1a129295d5cbdd15e978ff2a235962d295e6daa",
                "sha256:e9cbfcb72546e15c7ea2b6078d5aa63bb2819e9d743dd7c35efdfa9e0d12d713",
                "sha256:eb50eb504eacf82eeceddcc84427c9357d4b992119ccea8ea8e492ce20503df2",
                "sha256:f075589775e4d64edd19ca11a4d79d8700b64193b2e70b7741ab64376eb1ae43",
                "sha256:f50ec69fc8f4dce08b10632e3dd3cd530ecbb9b3aff25014bf34f93e10853af3",
                "sha256:f646ffac5f0ac656092bde73fc6744daed64f87e33b1e0a82eca4b9899d6bfea",
                "sha256:f7a4192a91a1a068a7766d5663c779506010bcff18e4fcb96b41466bdd460e63",
                "sha256:f817cf30b466a4b87011e8b50013a2189a7ee6a3e6f0432e85f72970e09b34e1",
                "sha256:fa057b86214a70835ffdadd89ad88826f3546833ad4513f3b9cae64aa6dd9287",
                "sha256:fb2dc537beacd82559c95ba8e2bc00de2a9cf3a059247afd952eff07e5b73064",
                "sha256:fc5e3d150dbfbe835a00a84ed16d2a4a204ec2c466574abf3dcd9825b71e4b3d",
                "sha256:feb042f732fdaea87f9dccbf2f13c2ad36952acafab6a25d0f9805dde12f8e40"
            ],
            "markers": "python_version >= '3.7'",
            "version": "==1.5.3"
        },
        "requests": {
            "hashes": [
                "sha256:27babd3cda2a6d50b30443204ee89830707d396671944c998b5975b031ac2b2c",
                "sha256:27d0316682c8a29834d3264820024b62a36942083d52caf2f14c0591336d3422"
            ],
            "index": "pypi",
            "markers": "python_version >= '3.8'",
            "version": "==2.32.4"
        },
        "sqlparse": {
            "hashes": [
                "sha256:09f67787f56a0b16ecdbde1bfc7f5d9c3371ca683cfeaa8e6ff60b4807ec9272",
                "sha256:cf2196ed3418f3ba5de6af7e82c694a9fbdbfecccdfc72e281548517081f16ca"
            ],
            "markers": "python_version >= '3.8'",
            "version": "==0.5.3"
        },
        "urllib3": {
            "hashes": [
                "sha256:3fc47733c7e419d4bc3f6b3dc2b4f890bb743906a30d56ba4a5bfa4bbff92760",
                "sha256:e6b01673c0fa6a13e374b50871808eb3bf7046c4b125b216f6bf1cc604cff0dc"
            ],
            "markers": "python_version >= '3.9'",
            "version": "==2.5.0"
        },
        "urllib3-future": {
            "hashes": [
                "sha256:4cb9424398993016383b600ba20881217f10a99c45acac60019ffb0dd007bc8a",
                "sha256:5127b8cec47bd165084de1991801c8746bda8889ec919e108fcd777f6fdadaa8"
            ],
            "markers": "python_version >= '3.7'",
            "version": "==2.12.922"
        },
        "wassima": {
            "hashes": [
                "sha256:10508102696d5e2cf4df6942a8ae251c136a49dc32591e9c3f7dd007f5ea1c2f",
                "sha256:1102836ba373912537eba891e7e5893532d4ee915ee2486e981b73f925f63c37",
                "sha256:11887557464e0c3f9694fb16406bb56c1fb1566178cd04bfb5b4624fad183b31",
                "sha256:12c855cc5b96a2ac32d405ab7de1563fc91be54108b4fb16b06d125d07ea892b",
                "sha256:134e863b692c35afe8f5ccbe8082fa39963804e20439a4c7aa98510197034704",
                "sha256:17f129f4d36591772d906bcc893b76b236363fda61b575067ddfa8250f84ad30",
                "sha256:17f132ffbab294902f8740708f27fd995ea04182fe4b4fde20be563f8a010715",
                "sha256:18bc78b2230c6f1f9ddbeb6ca38439fea4cc8f60836af4f3538ed259e60e5eb8",
                "sha256:194c3fad38603618dec03307d10a4ece852516df56560e04fb2562506f79c175",
                "sha256:1b18ec743ab98dcbfc221749026b23fc573891651342f20971e53bdbf56d28ae",
                "sha256:1fa19a3652509edd18f693cd9c873d8f73c9d1624eae6c3bf93e561b18ae2766",
                "sha256:24bdb1a2b90c215e11ed7ce82ed7eada339c7dca8e0366916e4e3215b3b9d8d3",
                "sha256:27d518f0863788c826faf387326f3babb3ea95a0b908f5b3ad2bc1fcc3c5a37d",
                "sha256:350b5854dfb3eeb95cd17723b0f3503de0c01454da5ae7d60f192be2009239eb",
                "sha256:3b3a4c8ffa76147507f0c88c5cc8c76ef96ab93b81e49b288a3a0b94ebfb34af",
                "sha256:3e00fa8ff1aef7d8aad2e1b957add6cba8549a42e415400bd72ff1b61dc9da9d",
                "sha256:3f29045dd0a7c287f850f1dc3948632a2d2cf7dd7ec02271c5f248f058da5650",
                "sha256:4a528244e4a0f9e01b8593b1c8a60ac1d80ce8b13fe079f44b38328e4be075e3",
                "sha256:4c4f5ca102fd083aa2b05c65a1fd18175e3dc7a889525fd2964219ee3c51edef",
                "sha256:52358d86195954816231d2aa8c2919b85075320b6d3ba5b96216985c3182bfa0",
                "sha256:52f473233ec4d57322c6295e85b3912dc1fc400d6308a04bd427b863934aa74e",
                "sha256:556cded582aef3089de889b5a6efcf6d87fabfec55d574fcc3a4ada21308d487",
                "sha256:564eda7bf0420c8cbebe5e8efc15f1b27fdcb37ebc4c2f92b8461ca83381b223",
                "sha256:57a0ab5aed596f129fd4ea7584336b11fbef25c07d1351e37a959901dea8728e",
                "sha256:58f1fddd660da8c8f30f4b8460129e2f217c226cd1b54b1cabb6465881fd788a",
                "sha256:597b0d8ba697f4319bc1f301ed31630ca783c9fe82d2a2434dd2f7f709c4e394",
                "sha256:5b194f0de77a4ae7bcf217a3ccd10798e94ca430cec6307628098a61cd2ac230",
                "sha256:5f5ee564f4b836ed1b70ddb187c817e8f6f1ffb521a636bb20676f07b523396b",
                "sha256:601f96340e4c8071994a39a76d4278e8e1d087cf385781dba795c5334262d865",
                "sha256:61bfa09f38c36f1b1e6e44e7af888bb8f9d739e86099082a3b45875651a425e2",
                "sha256:67fd323b8ad0e057c06b153983d8c50f812aad979ac89b07ed6952c345f6da02",
                "sha256:69cb51f629d118256da3d2373575190c7e30d3fa67c344dc655f6c8ab3e83f0d",
                "sha256:6b1d7ceeede8d8eed48616d2d33ed23d2dff307d0b17c577eafdadafe86a0478",
                "sha256:6b7d696155ddd7ab5739ac221e8854115d0d8171bbf805074d9484083de386aa",
                "sha256:6d23e9483756b81850b82e8b7ed20fd23de22b50d6a678f765c660d4206b7ce9",
                "sha256:7b0229fecc849234f2a2d11e948ac38a9bab02d201fa4d6ad43c143e18c1a66e",
                "sha256:7c53050b670d702eed541503175bd5441fc4bdf3898714f8eac8c6ae9db548ac",
                "sha256:7d65676f1fc138d1742f704bf490045571b9c2c48cab7d2c2076a52729c143e5",
                "sha256:7db25328c40cd574e5a68ef6507c5af4d1fa2a44cb3c028ff9ca6b522f8faf32",
                "sha256:83ce1b09e9eb2ae033c303b74ecc4f3186bbc0897db1d8cd9942153b0631b8e0",
                "sha256:86c509900cbb90b7b75155c580b22af591b696fa059059bcdbd75bc74179df85",
                "sha256:87f80d0075f0d396b73d41bb1626a2dd5607e0db4b74cb17e55d874fcd538971",
                "sha256:8b719755d556649f2fbf226cf1ca8581ade114751df1facec96f94e75bffdb3c",
                "sha256:8e739d4192758df6e5363791f527deb91c615d63020ee8965df4bcd1a217f9a5",
                "sha256:923d3bf8770dfeb3d94bdfee1c5b5a081592de69766436a395e1e6203c19cf71",
                "sha256:97772bb55cb47da3de49ca4b59309a9bd91ead730a7cfac1992932486fb41352",
                "sha256:98bdfdf734144277132f34f770eeb6b0db2c4de87415f34b178adee766632f24",
                "sha256:98f38b1b01e6f270b9279d76261d6f222b72ef06b025cbd4911b962bb6de4c98",
                "sha256:99318b5ea78843e3c3e19cd56367216774674a99848f00a6f2dcf84e36039641",
                "sha256:9c623ef06876d432dc8acc93ed3494d3453333d767b1b06bba1a016ea9d850c9",
                "sha256:9d0f9720dfd0155432d23bcc3605fe5831cd0f586ede4f14ff6f3bebe8fb867a",
                "sha256:9e79216760faac6395bee8ca4077a53a309312faba0f71982127ad8625861780",
                "sha256:a470c908fd9baaecf41715ea3c30c57b530d598ae5e9de7e0bd532755e66bb1b",
                "sha256:a634b9b79e059f45a56ff3ef6e7241662bc6f0e5a096ee6eed6770ea368e8278",
                "sha256:acd8195a53d0e84ea95bdf15a2651c53b829a3ddead21b4a620b6a0c5e1ae2ff",
                "sha256:addbd207df3718fc9d9de5b6c90a5e3fbe667830cf629186c9fdcafbb6578cb4",
                "sha256:ae2aec9d55e108ae2d22fd0bda24450a6c13c116f9698b9e7ba2c6492c4fe715",
                "sha256:af6b70ca9788964c5da5b59ca412b62db2ea7f2386a91c0117667bdd963e828c",
                "sha256:afa7d60a9203db36a55b6f2868da90aaa829ab415a21fba7fa75678789aeb16f",
                "sha256:b08c1931c44e3c034e645f3e3a7f4c47e8b0758fb8f09a52d1e880a307a1066f",
                "sha256:b22e356914e606ff398c002b9925df4454c5deca9dbe55b3ba4a5c9b2365cf0f",
                "sha256:b8c0f50397c51086df941b48057c82f85d9da000bf4fe6f4bc64c4f649b26a5b",
                "sha256:bc068bcd79fe017866f536e0ad9424793220be34e3124476e17e6cb77a97e690",
                "sha256:bc30f5a605a366acb7f301b3421508eaec3c1a515c960791bd776cb63d016302",
                "sha256:c0d246b3f8a771578279eab9cfcb820dedefd3dd5dc0e34b37a337fe46271fc0",
                "sha256:c0fee0a8593028bde17b57527b1ac21fea74f209b3522363e3ba0197ffaa6323",
                "sha256:c139d5b103bb1f085d8918815d62ad946224a658ac1a7cc1b93dc44bd498ff9a",
                "sha256:c25235cec12c0e38b4104268e312c9c2f3527ebc126d296cff69ea7aa13434dc",
                "sha256:c7429d038dc383966c692e752010cbb4d5dab0e515f231aa01cd746aed9db359",
                "sha256:c85cd2e64967c0dce2927ad7c62c090aae6d6b7f9e3a6b9fb91f58b890ea6adc",
                "sha256:ca04984df012020dd846599b8555666c544982c2a91dc6135565e6708624eb71",
                "sha256:cb7d43c07d58ba13736e70dc3e064496efeb1ed4475a28afb26b7a3b030b89df",
                "sha256:d018e05cb61eed3050d45bd0c0ef9b75420899f6ae254e68e7f2ef26975098c9",
                "sha256:d24d42881eb74729b34014e2e87f3a4d0419c43db309de2dff3f39118716865f",
                "sha256:d6e17f218af856ca22c30d1a1ac58b19bccf768b8589eb8d6e45e1f1ff258404",
                "sha256:d855d0be1759c5efc404c04977ee48a8b6260aef6441e72c10973924dbde5a73",
                "sha256:dea0dcc0e50978ef73be8cb384694b71a6e64b46847ee7decad96dc85fbf650c",
                "sha256:e1e9228049cf2442ac486a03a0d543c5dff3089a915a3e39ab809b22672e1d76",
                "sha256:e26d052a248d5be2257d848d6078d932cc1fd4e8226639f550344d0a7a2b8813",
                "sha256:ee6ccb8197936a308a4034c90a42b30b37c46b7cbda66101d439d6983f59b368",
                "sha256:eea9c37b45e73cebb4670afd1779db138eeff0f84ffc0871d2fb90c04c8d3aa8",
                "sha256:f195bf641276261e6bc5f79f52601850c9bdbff8af401483b4805dbff535ed30",
                "sha256:f264827618400ebeab16708c8acf7870f693b03bfb4d7e95253eb9b35074db5c",
                "sha256:f44ccd2eaa433ff1a10f70242dc33315fc192b81664696154127bdd66ad7d3b2",
                "sha256:f7a6068d8857c403e105e62132a00e9d9d401bd0efbff7f8b5b5bc8ab768a2d8",
                "sha256:f9886176fe4bf1ac008c02adb5bd103f1191799f1897777d203ee44f615325a5",
                "sha256:fa1f38d5583d283b40f998e2f13471bfa952e0c423ff95ec2ec329f3e1898107",
                "sha256:fa65494e7bd0e3ba33b3e5a5ab30c2b6e95d3d1762baaa56151a0861618dc261",
                "sha256:fd7186e23963714bab3c9a2ab75d002078335110d2c9fc883c65cbce43717f26",
                "sha256:fec32c22b521fcdeb9aa7dee4373b2d81ca2d3fc8edc532f3e189d6f4f6f1f81"
            ],
            "markers": "python_version >= '3.7'",
            "version": "==1.2.2"
        }
    },
    "develop": {}
}
